// !$*UTF8*$!
{
	archiveVersion = 1;
	classes = {
	};
	objectVersion = 55;
	objects = {

/* Begin PBXBuildFile section */
		F41940E2287C6D3900472744 /* AppDelegate.swift in Sources */ = {isa = PBXBuildFile; fileRef = F41940E1287C6D3900472744 /* AppDelegate.swift */; };
		F41940E4287C6D3900472744 /* SceneDelegate.swift in Sources */ = {isa = PBXBuildFile; fileRef = F41940E3287C6D3900472744 /* SceneDelegate.swift */; };
		F41940E6287C6D3900472744 /* ViewController.swift in Sources */ = {isa = PBXBuildFile; fileRef = F41940E5287C6D3900472744 /* ViewController.swift */; };
		F41940E9287C6D3900472744 /* Main.storyboard in Resources */ = {isa = PBXBuildFile; fileRef = F41940E7287C6D3900472744 /* Main.storyboard */; };
		F41940EB287C6D3A00472744 /* Assets.xcassets in Resources */ = {isa = PBXBuildFile; fileRef = F41940EA287C6D3A00472744 /* Assets.xcassets */; };
		F41940EE287C6D3A00472744 /* LaunchScreen.storyboard in Resources */ = {isa = PBXBuildFile; fileRef = F41940EC287C6D3A00472744 /* LaunchScreen.storyboard */; };
		F41940F6287C722C00472744 /* SecondTab.storyboard in Resources */ = {isa = PBXBuildFile; fileRef = F41940F5287C722C00472744 /* SecondTab.storyboard */; };
		F41940F8287C724500472744 /* FirstTab.storyboard in Resources */ = {isa = PBXBuildFile; fileRef = F41940F7287C724500472744 /* FirstTab.storyboard */; };
/* End PBXBuildFile section */

/* Begin PBXFileReference section */
		F41940DE287C6D3900472744 /* SecondSeminar.app */ = {isa = PBXFileReference; explicitFileType = wrapper.application; includeInIndex = 0; path = SecondSeminar.app; sourceTree = BUILT_PRODUCTS_DIR; };
		F41940E1287C6D3900472744 /* AppDelegate.swift */ = {isa = PBXFileReference; lastKnownFileType = sourcecode.swift; path = AppDelegate.swift; sourceTree = "<group>"; };
		F41940E3287C6D3900472744 /* SceneDelegate.swift */ = {isa = PBXFileReference; lastKnownFileType = sourcecode.swift; path = SceneDelegate.swift; sourceTree = "<group>"; };
		F41940E5287C6D3900472744 /* ViewController.swift */ = {isa = PBXFileReference; lastKnownFileType = sourcecode.swift; path = ViewController.swift; sourceTree = "<group>"; };
		F41940E8287C6D3900472744 /* Base */ = {isa = PBXFileReference; lastKnownFileType = file.storyboard; name = Base; path = Base.lproj/Main.storyboard; sourceTree = "<group>"; };
		F41940EA287C6D3A00472744 /* Assets.xcassets */ = {isa = PBXFileReference; lastKnownFileType = folder.assetcatalog; path = Assets.xcassets; sourceTree = "<group>"; };
		F41940ED287C6D3A00472744 /* Base */ = {isa = PBXFileReference; lastKnownFileType = file.storyboard; name = Base; path = Base.lproj/LaunchScreen.storyboard; sourceTree = "<group>"; };
		F41940EF287C6D3A00472744 /* Info.plist */ = {isa = PBXFileReference; lastKnownFileType = text.plist.xml; path = Info.plist; sourceTree = "<group>"; };
		F41940F5287C722C00472744 /* SecondTab.storyboard */ = {isa = PBXFileReference; lastKnownFileType = file.storyboard; path = SecondTab.storyboard; sourceTree = "<group>"; };
		F41940F7287C724500472744 /* FirstTab.storyboard */ = {isa = PBXFileReference; lastKnownFileType = file.storyboard; path = FirstTab.storyboard; sourceTree = "<group>"; };
/* End PBXFileReference section */

/* Begin PBXFrameworksBuildPhase section */
		F41940DB287C6D3900472744 /* Frameworks */ = {
			isa = PBXFrameworksBuildPhase;
			buildActionMask = 2147483647;
			files = (
			);
			runOnlyForDeploymentPostprocessing = 0;
		};
/* End PBXFrameworksBuildPhase section */

/* Begin PBXGroup section */
		F41940D5287C6D3900472744 = {
			isa = PBXGroup;
			children = (
				F41940E0287C6D3900472744 /* SecondSeminar */,
				F41940DF287C6D3900472744 /* Products */,
			);
			sourceTree = "<group>";
		};
		F41940DF287C6D3900472744 /* Products */ = {
			isa = PBXGroup;
			children = (
				F41940DE287C6D3900472744 /* SecondSeminar.app */,
			);
			name = Products;
			sourceTree = "<group>";
		};
		F41940E0287C6D3900472744 /* SecondSeminar */ = {
			isa = PBXGroup;
			children = (
				F41940E1287C6D3900472744 /* AppDelegate.swift */,
				F41940E3287C6D3900472744 /* SceneDelegate.swift */,
				F41940E5287C6D3900472744 /* ViewController.swift */,
				F41940F5287C722C00472744 /* SecondTab.storyboard */,
				F41940F7287C724500472744 /* FirstTab.storyboard */,
				F41940E7287C6D3900472744 /* Main.storyboard */,
				F41940EA287C6D3A00472744 /* Assets.xcassets */,
				F41940EC287C6D3A00472744 /* LaunchScreen.storyboard */,
				F41940EF287C6D3A00472744 /* Info.plist */,
			);
			path = SecondSeminar;
			sourceTree = "<group>";
		};
/* End PBXGroup section */

/* Begin PBXNativeTarget section */
		F41940DD287C6D3900472744 /* SecondSeminar */ = {
			isa = PBXNativeTarget;
			buildConfigurationList = F41940F2287C6D3A00472744 /* Build configuration list for PBXNativeTarget "SecondSeminar" */;
			buildPhases = (
				F41940DA287C6D3900472744 /* Sources */,
				F41940DB287C6D3900472744 /* Frameworks */,
				F41940DC287C6D3900472744 /* Resources */,
			);
			buildRules = (
			);
			dependencies = (
			);
			name = SecondSeminar;
			productName = SecondSeminar;
			productReference = F41940DE287C6D3900472744 /* SecondSeminar.app */;
			productType = "com.apple.product-type.application";
		};
/* End PBXNativeTarget section */

/* Begin PBXProject section */
		F41940D6287C6D3900472744 /* Project object */ = {
			isa = PBXProject;
			attributes = {
				BuildIndependentTargetsInParallel = 1;
				LastSwiftUpdateCheck = 1340;
				LastUpgradeCheck = 1340;
				TargetAttributes = {
					F41940DD287C6D3900472744 = {
						CreatedOnToolsVersion = 13.4.1;
					};
				};
			};
			buildConfigurationList = F41940D9287C6D3900472744 /* Build configuration list for PBXProject "SecondSeminar" */;
			compatibilityVersion = "Xcode 13.0";
			developmentRegion = en;
			hasScannedForEncodings = 0;
			knownRegions = (
				en,
				Base,
			);
			mainGroup = F41940D5287C6D3900472744;
			productRefGroup = F41940DF287C6D3900472744 /* Products */;
			projectDirPath = "";
			projectRoot = "";
			targets = (
				F41940DD287C6D3900472744 /* SecondSeminar */,
			);
		};
/* End PBXProject section */

/* Begin PBXResourcesBuildPhase section */
		F41940DC287C6D3900472744 /* Resources */ = {
			isa = PBXResourcesBuildPhase;
			buildActionMask = 2147483647;
			files = (
				F41940EE287C6D3A00472744 /* LaunchScreen.storyboard in Resources */,
				F41940F8287C724500472744 /* FirstTab.storyboard in Resources */,
				F41940EB287C6D3A00472744 /* Assets.xcassets in Resources */,
				F41940F6287C722C00472744 /* SecondTab.storyboard in Resources */,
				F41940E9287C6D3900472744 /* Main.storyboard in Resources */,
			);
			runOnlyForDeploymentPostprocessing = 0;
		};
/* End PBXResourcesBuildPhase section */

/* Begin PBXSourcesBuildPhase section */
		F41940DA287C6D3900472744 /* Sources */ = {
			isa = PBXSourcesBuildPhase;
			buildActionMask = 2147483647;
			files = (
				F41940E6287C6D3900472744 /* ViewController.swift in Sources */,
				F41940E2287C6D3900472744 /* AppDelegate.swift in Sources */,
				F41940E4287C6D3900472744 /* SceneDelegate.swift in Sources */,
			);
			runOnlyForDeploymentPostprocessing = 0;
		};
/* End PBXSourcesBuildPhase section */

/* Begin PBXVariantGroup section */
		F41940E7287C6D3900472744 /* Main.storyboard */ = {
			isa = PBXVariantGroup;
			children = (
				F41940E8287C6D3900472744 /* Base */,
			);
			name = Main.storyboard;
			sourceTree = "<group>";
		};
		F41940EC287C6D3A00472744 /* LaunchScreen.storyboard */ = {
			isa = PBXVariantGroup;
			children = (
				F41940ED287C6D3A00472744 /* Base */,
			);
			name = LaunchScreen.storyboard;
			sourceTree = "<group>";
		};
/* End PBXVariantGroup section */

/* Begin XCBuildConfiguration section */
		F41940F0287C6D3A00472744 /* Debug */ = {
			isa = XCBuildConfiguration;
			buildSettings = {
				ALWAYS_SEARCH_USER_PATHS = NO;
				CLANG_ANALYZER_NONNULL = YES;
				CLANG_ANALYZER_NUMBER_OBJECT_CONVERSION = YES_AGGRESSIVE;
				CLANG_CXX_LANGUAGE_STANDARD = "gnu++17";
				CLANG_ENABLE_MODULES = YES;
				CLANG_ENABLE_OBJC_ARC = YES;
				CLANG_ENABLE_OBJC_WEAK = YES;
				CLANG_WARN_BLOCK_CAPTURE_AUTORELEASING = YES;
				CLANG_WARN_BOOL_CONVERSION = YES;
				CLANG_WARN_COMMA = YES;
				CLANG_WARN_CONSTANT_CONVERSION = YES;
				CLANG_WARN_DEPRECATED_OBJC_IMPLEMENTATIONS = YES;
				CLANG_WARN_DIRECT_OBJC_ISA_USAGE = YES_ERROR;
				CLANG_WARN_DOCUMENTATION_COMMENTS = YES;
				CLANG_WARN_EMPTY_BODY = YES;
				CLANG_WARN_ENUM_CONVERSION = YES;
				CLANG_WARN_INFINITE_RECURSION = YES;
				CLANG_WARN_INT_CONVERSION = YES;
				CLANG_WARN_NON_LITERAL_NULL_CONVERSION = YES;
				CLANG_WARN_OBJC_IMPLICIT_RETAIN_SELF = YES;
				CLANG_WARN_OBJC_LITERAL_CONVERSION = YES;
				CLANG_WARN_OBJC_ROOT_CLASS = YES_ERROR;
				CLANG_WARN_QUOTED_INCLUDE_IN_FRAMEWORK_HEADER = YES;
				CLANG_WARN_RANGE_LOOP_ANALYSIS = YES;
				CLANG_WARN_STRICT_PROTOTYPES = YES;
				CLANG_WARN_SUSPICIOUS_MOVE = YES;
				CLANG_WARN_UNGUARDED_AVAILABILITY = YES_AGGRESSIVE;
				CLANG_WARN_UNREACHABLE_CODE = YES;
				CLANG_WARN__DUPLICATE_METHOD_MATCH = YES;
				COPY_PHASE_STRIP = NO;
				DEBUG_INFORMATION_FORMAT = dwarf;
				ENABLE_STRICT_OBJC_MSGSEND = YES;
				ENABLE_TESTABILITY = YES;
				GCC_C_LANGUAGE_STANDARD = gnu11;
				GCC_DYNAMIC_NO_PIC = NO;
				GCC_NO_COMMON_BLOCKS = YES;
				GCC_OPTIMIZATION_LEVEL = 0;
				GCC_PREPROCESSOR_DEFINITIONS = (
					"DEBUG=1",
					"$(inherited)",
				);
				GCC_WARN_64_TO_32_BIT_CONVERSION = YES;
				GCC_WARN_ABOUT_RETURN_TYPE = YES_ERROR;
				GCC_WARN_UNDECLARED_SELECTOR = YES;
				GCC_WARN_UNINITIALIZED_AUTOS = YES_AGGRESSIVE;
				GCC_WARN_UNUSED_FUNCTION = YES;
				GCC_WARN_UNUSED_VARIABLE = YES;
				IPHONEOS_DEPLOYMENT_TARGET = 15.5;
				MTL_ENABLE_DEBUG_INFO = INCLUDE_SOURCE;
				MTL_FAST_MATH = YES;
				ONLY_ACTIVE_ARCH = YES;
				SDKROOT = iphoneos;
				SWIFT_ACTIVE_COMPILATION_CONDITIONS = DEBUG;
				SWIFT_OPTIMIZATION_LEVEL = "-Onone";
			};
			name = Debug;
		};
		F41940F1287C6D3A00472744 /* Release */ = {
			isa = XCBuildConfiguration;
			buildSettings = {
				ALWAYS_SEARCH_USER_PATHS = NO;
				CLANG_ANALYZER_NONNULL = YES;
				CLANG_ANALYZER_NUMBER_OBJECT_CONVERSION = YES_AGGRESSIVE;
				CLANG_CXX_LANGUAGE_STANDARD = "gnu++17";
				CLANG_ENABLE_MODULES = YES;
				CLANG_ENABLE_OBJC_ARC = YES;
				CLANG_ENABLE_OBJC_WEAK = YES;
				CLANG_WARN_BLOCK_CAPTURE_AUTORELEASING = YES;
				CLANG_WARN_BOOL_CONVERSION = YES;
				CLANG_WARN_COMMA = YES;
				CLANG_WARN_CONSTANT_CONVERSION = YES;
				CLANG_WARN_DEPRECATED_OBJC_IMPLEMENTATIONS = YES;
				CLANG_WARN_DIRECT_OBJC_ISA_USAGE = YES_ERROR;
				CLANG_WARN_DOCUMENTATION_COMMENTS = YES;
				CLANG_WARN_EMPTY_BODY = YES;
				CLANG_WARN_ENUM_CONVERSION = YES;
				CLANG_WARN_INFINITE_RECURSION = YES;
				CLANG_WARN_INT_CONVERSION = YES;
				CLANG_WARN_NON_LITERAL_NULL_CONVERSION = YES;
				CLANG_WARN_OBJC_IMPLICIT_RETAIN_SELF = YES;
				CLANG_WARN_OBJC_LITERAL_CONVERSION = YES;
				CLANG_WARN_OBJC_ROOT_CLASS = YES_ERROR;
				CLANG_WARN_QUOTED_INCLUDE_IN_FRAMEWORK_HEADER = YES;
				CLANG_WARN_RANGE_LOOP_ANALYSIS = YES;
				CLANG_WARN_STRICT_PROTOTYPES = YES;
				CLANG_WARN_SUSPICIOUS_MOVE = YES;
				CLANG_WARN_UNGUARDED_AVAILABILITY = YES_AGGRESSIVE;
				CLANG_WARN_UNREACHABLE_CODE = YES;
				CLANG_WARN__DUPLICATE_METHOD_MATCH = YES;
				COPY_PHASE_STRIP = NO;
				DEBUG_INFORMATION_FORMAT = "dwarf-with-dsym";
				ENABLE_NS_ASSERTIONS = NO;
				ENABLE_STRICT_OBJC_MSGSEND = YES;
				GCC_C_LANGUAGE_STANDARD = gnu11;
				GCC_NO_COMMON_BLOCKS = YES;
				GCC_WARN_64_TO_32_BIT_CONVERSION = YES;
				GCC_WARN_ABOUT_RETURN_TYPE = YES_ERROR;
				GCC_WARN_UNDECLARED_SELECTOR = YES;
				GCC_WARN_UNINITIALIZED_AUTOS = YES_AGGRESSIVE;
				GCC_WARN_UNUSED_FUNCTION = YES;
				GCC_WARN_UNUSED_VARIABLE = YES;
				IPHONEOS_DEPLOYMENT_TARGET = 15.5;
				MTL_ENABLE_DEBUG_INFO = NO;
				MTL_FAST_MATH = YES;
				SDKROOT = iphoneos;
				SWIFT_COMPILATION_MODE = wholemodule;
				SWIFT_OPTIMIZATION_LEVEL = "-O";
				VALIDATE_PRODUCT = YES;
			};
			name = Release;
		};
		F41940F3287C6D3A00472744 /* Debug */ = {
			isa = XCBuildConfiguration;
			buildSettings = {
				ASSETCATALOG_COMPILER_APPICON_NAME = AppIcon;
				ASSETCATALOG_COMPILER_GLOBAL_ACCENT_COLOR_NAME = AccentColor;
				CODE_SIGN_STYLE = Automatic;
				CURRENT_PROJECT_VERSION = 1;
				GENERATE_INFOPLIST_FILE = YES;
				INFOPLIST_FILE = SecondSeminar/Info.plist;
				INFOPLIST_KEY_UIApplicationSupportsIndirectInputEvents = YES;
				INFOPLIST_KEY_UILaunchStoryboardName = LaunchScreen;
				INFOPLIST_KEY_UIMainStoryboardFile = Main;
				INFOPLIST_KEY_UISupportedInterfaceOrientations_iPad = "UIInterfaceOrientationPortrait UIInterfaceOrientationPortraitUpsideDown UIInterfaceOrientationLandscapeLeft UIInterfaceOrientationLandscapeRight";
				INFOPLIST_KEY_UISupportedInterfaceOrientations_iPhone = "UIInterfaceOrientationPortrait UIInterfaceOrientationLandscapeLeft UIInterfaceOrientationLandscapeRight";
				LD_RUNPATH_SEARCH_PATHS = (
					"$(inherited)",
					"@executable_path/Frameworks",
				);
				MARKETING_VERSION = 1.0;
				PRODUCT_BUNDLE_IDENTIFIER = com.eunhyung.SecondSeminar;
				PRODUCT_NAME = "$(TARGET_NAME)";
				SWIFT_EMIT_LOC_STRINGS = YES;
				SWIFT_VERSION = 5.0;
				TARGETED_DEVICE_FAMILY = "1,2";
			};
			name = Debug;
		};
		F41940F4287C6D3A00472744 /* Release */ = {
			isa = XCBuildConfiguration;
			buildSettings = {
				ASSETCATALOG_COMPILER_APPICON_NAME = AppIcon;
				ASSETCATALOG_COMPILER_GLOBAL_ACCENT_COLOR_NAME = AccentColor;
				CODE_SIGN_STYLE = Automatic;
				CURRENT_PROJECT_VERSION = 1;
				GENERATE_INFOPLIST_FILE = YES;
				INFOPLIST_FILE = SecondSeminar/Info.plist;
				INFOPLIST_KEY_UIApplicationSupportsIndirectInputEvents = YES;
				INFOPLIST_KEY_UILaunchStoryboardName = LaunchScreen;
				INFOPLIST_KEY_UIMainStoryboardFile = Main;
				INFOPLIST_KEY_UISupportedInterfaceOrientations_iPad = "UIInterfaceOrientationPortrait UIInterfaceOrientationPortraitUpsideDown UIInterfaceOrientationLandscapeLeft UIInterfaceOrientationLandscapeRight";
				INFOPLIST_KEY_UISupportedInterfaceOrientations_iPhone = "UIInterfaceOrientationPortrait UIInterfaceOrientationLandscapeLeft UIInterfaceOrientationLandscapeRight";
				LD_RUNPATH_SEARCH_PATHS = (
					"$(inherited)",
					"@executable_path/Frameworks",
				);
				MARKETING_VERSION = 1.0;
				PRODUCT_BUNDLE_IDENTIFIER = com.eunhyung.SecondSeminar;
				PRODUCT_NAME = "$(TARGET_NAME)";
				SWIFT_EMIT_LOC_STRINGS = YES;
				SWIFT_VERSION = 5.0;
				TARGETED_DEVICE_FAMILY = "1,2";
			};
			name = Release;
		};
/* End XCBuildConfiguration section */

/* Begin XCConfigurationList section */
		F41940D9287C6D3900472744 /* Build configuration list for PBXProject "SecondSeminar" */ = {
			isa = XCConfigurationList;
			buildConfigurations = (
				F41940F0287C6D3A00472744 /* Debug */,
				F41940F1287C6D3A00472744 /* Release */,
			);
			defaultConfigurationIsVisible = 0;
			defaultConfigurationName = Release;
		};
		F41940F2287C6D3A00472744 /* Build configuration list for PBXNativeTarget "SecondSeminar" */ = {
			isa = XCConfigurationList;
			buildConfigurations = (
				F41940F3287C6D3A00472744 /* Debug */,
				F41940F4287C6D3A00472744 /* Release */,
			);
			defaultConfigurationIsVisible = 0;
			defaultConfigurationName = Release;
		};
/* End XCConfigurationList section */
	};
	rootObject = F41940D6287C6D3900472744 /* Project object */;
}
